
Microsoft Visual Studio Solution File, Format Version 12.00
# Visual Studio Version 17
VisualStudioVersion = 17.8.34322.80
MinimumVisualStudioVersion = 10.0.40219.1
Project("{FAE04EC0-301F-11D3-BF4B-00C04F79EFBC}") = "FirstTask", "FirstTask\FirstTask.csproj", "{1F78266E-ADFF-489D-9FE2-FABF0442CDCA}"
EndProject
Project("{FAE04EC0-301F-11D3-BF4B-00C04F79EFBC}") = "SecondTask", "SecondTask\SecondTask.csproj", "{2B432B65-C73C-470E-8D0F-9A0C40F9DF09}"
EndProject
Global
	GlobalSection(SolutionConfigurationPlatforms) = preSolution
		Debug|Any CPU = Debug|Any CPU
		Release|Any CPU = Release|Any CPU
	EndGlobalSection
	GlobalSection(ProjectConfigurationPlatforms) = postSolution
		{1F78266E-ADFF-489D-9FE2-FABF0442CDCA}.Debug|Any CPU.ActiveCfg = Debug|Any CPU
		{1F78266E-ADFF-489D-9FE2-FABF0442CDCA}.Debug|Any CPU.Build.0 = Debug|Any CPU
		{1F78266E-ADFF-489D-9FE2-FABF0442CDCA}.Release|Any CPU.ActiveCfg = Release|Any CPU
		{1F78266E-ADFF-489D-9FE2-FABF0442CDCA}.Release|Any CPU.Build.0 = Release|Any CPU
		{2B432B65-C73C-470E-8D0F-9A0C40F9DF09}.Debug|Any CPU.ActiveCfg = Debug|Any CPU
		{2B432B65-C73C-470E-8D0F-9A0C40F9DF09}.Debug|Any CPU.Build.0 = Debug|Any CPU
		{2B432B65-C73C-470E-8D0F-9A0C40F9DF09}.Release|Any CPU.ActiveCfg = Release|Any CPU
		{2B432B65-C73C-470E-8D0F-9A0C40F9DF09}.Release|Any CPU.Build.0 = Release|Any CPU
	EndGlobalSection
	GlobalSection(SolutionProperties) = preSolution
		HideSolutionNode = FALSE
	EndGlobalSection
	GlobalSection(ExtensibilityGlobals) = postSolution
		SolutionGuid = {17D3CAF0-7026-42D1-8DE8-4CB27DE36A46}
	EndGlobalSection
EndGlobal
